{
  "name": "stdesm-dual-mode",
  "requires": true,
  "lockfileVersion": 1,
  "dependencies": {
    "@std/esm": {
      "version": "0.23.0",
      "resolved": "https://registry.npmjs.org/@std/esm/-/esm-0.23.0.tgz",
      "integrity": "sha512-VjLLNB+s6ovazbUboE/RgYPsTbDBP1XZvQRiL+FUyRDQNPvRr+H/0I4hiw5sDjaCCm1UOTdnbKX41UfEznFutQ=="
    }
  }
}
